// !$*UTF8*$!
{
	archiveVersion = 1;
	classes = {
	};
	objectVersion = 55;
	objects = {

/* Begin PBXBuildFile section */
		39349C4F287A2542008C24E1 /* ExpenseTrackerApp.swift in Sources */ = {isa = PBXBuildFile; fileRef = 39349C4E287A2542008C24E1 /* ExpenseTrackerApp.swift */; };
		39349C51287A2542008C24E1 /* ContentView.swift in Sources */ = {isa = PBXBuildFile; fileRef = 39349C50287A2542008C24E1 /* ContentView.swift */; };
		39349C53287A2543008C24E1 /* Assets.xcassets in Resources */ = {isa = PBXBuildFile; fileRef = 39349C52287A2543008C24E1 /* Assets.xcassets */; };
		39349C56287A2543008C24E1 /* Preview Assets.xcassets in Resources */ = {isa = PBXBuildFile; fileRef = 39349C55287A2543008C24E1 /* Preview Assets.xcassets */; };
		39349C5D287A2796008C24E1 /* Extensions.swift in Sources */ = {isa = PBXBuildFile; fileRef = 39349C5C287A2796008C24E1 /* Extensions.swift */; };
		39349C5F287A2D90008C24E1 /* TransactionModel.swift in Sources */ = {isa = PBXBuildFile; fileRef = 39349C5E287A2D90008C24E1 /* TransactionModel.swift */; };
		39349C61287A2F89008C24E1 /* PreviewData.swift in Sources */ = {isa = PBXBuildFile; fileRef = 39349C60287A2F89008C24E1 /* PreviewData.swift */; };
		39349C65287A3163008C24E1 /* TransactionRow.swift in Sources */ = {isa = PBXBuildFile; fileRef = 39349C64287A3163008C24E1 /* TransactionRow.swift */; };
		39349C6A287AD77B008C24E1 /* TransactionListViewModel.swift in Sources */ = {isa = PBXBuildFile; fileRef = 39349C69287AD77B008C24E1 /* TransactionListViewModel.swift */; };
		39349C6C287B5DF8008C24E1 /* RecentTransactionList.swift in Sources */ = {isa = PBXBuildFile; fileRef = 39349C6B287B5DF8008C24E1 /* RecentTransactionList.swift */; };
		393BBC28287CA01C00A4C0BD /* TransactionList.swift in Sources */ = {isa = PBXBuildFile; fileRef = 393BBC27287CA01C00A4C0BD /* TransactionList.swift */; };
		393BBC2B287CA5BD00A4C0BD /* Collections in Frameworks */ = {isa = PBXBuildFile; productRef = 393BBC2A287CA5BD00A4C0BD /* Collections */; };
		393BBC31287CA97400A4C0BD /* SwiftUICharts in Frameworks */ = {isa = PBXBuildFile; productRef = 393BBC30287CA97400A4C0BD /* SwiftUICharts */; };
		39EBA4C7287E0E34009D98AF /* SwiftUIFontIcon in Frameworks */ = {isa = PBXBuildFile; productRef = 39EBA4C6287E0E34009D98AF /* SwiftUIFontIcon */; };
/* End PBXBuildFile section */

/* Begin PBXFileReference section */
		39349C4B287A2542008C24E1 /* ExpenseTracker.app */ = {isa = PBXFileReference; explicitFileType = wrapper.application; includeInIndex = 0; path = ExpenseTracker.app; sourceTree = BUILT_PRODUCTS_DIR; };
		39349C4E287A2542008C24E1 /* ExpenseTrackerApp.swift */ = {isa = PBXFileReference; lastKnownFileType = sourcecode.swift; path = ExpenseTrackerApp.swift; sourceTree = "<group>"; };
		39349C50287A2542008C24E1 /* ContentView.swift */ = {isa = PBXFileReference; lastKnownFileType = sourcecode.swift; path = ContentView.swift; sourceTree = "<group>"; };
		39349C52287A2543008C24E1 /* Assets.xcassets */ = {isa = PBXFileReference; lastKnownFileType = folder.assetcatalog; path = Assets.xcassets; sourceTree = "<group>"; };
		39349C55287A2543008C24E1 /* Preview Assets.xcassets */ = {isa = PBXFileReference; lastKnownFileType = folder.assetcatalog; path = "Preview Assets.xcassets"; sourceTree = "<group>"; };
		39349C5C287A2796008C24E1 /* Extensions.swift */ = {isa = PBXFileReference; lastKnownFileType = sourcecode.swift; path = Extensions.swift; sourceTree = "<group>"; };
		39349C5E287A2D90008C24E1 /* TransactionModel.swift */ = {isa = PBXFileReference; lastKnownFileType = sourcecode.swift; path = TransactionModel.swift; sourceTree = "<group>"; };
		39349C60287A2F89008C24E1 /* PreviewData.swift */ = {isa = PBXFileReference; lastKnownFileType = sourcecode.swift; path = PreviewData.swift; sourceTree = "<group>"; };
		39349C64287A3163008C24E1 /* TransactionRow.swift */ = {isa = PBXFileReference; lastKnownFileType = sourcecode.swift; path = TransactionRow.swift; sourceTree = "<group>"; };
		39349C69287AD77B008C24E1 /* TransactionListViewModel.swift */ = {isa = PBXFileReference; lastKnownFileType = sourcecode.swift; path = TransactionListViewModel.swift; sourceTree = "<group>"; };
		39349C6B287B5DF8008C24E1 /* RecentTransactionList.swift */ = {isa = PBXFileReference; lastKnownFileType = sourcecode.swift; path = RecentTransactionList.swift; sourceTree = "<group>"; };
		393BBC27287CA01C00A4C0BD /* TransactionList.swift */ = {isa = PBXFileReference; lastKnownFileType = sourcecode.swift; path = TransactionList.swift; sourceTree = "<group>"; };
/* End PBXFileReference section */

/* Begin PBXFrameworksBuildPhase section */
		39349C48287A2542008C24E1 /* Frameworks */ = {
			isa = PBXFrameworksBuildPhase;
			buildActionMask = 2147483647;
			files = (
				39EBA4C7287E0E34009D98AF /* SwiftUIFontIcon in Frameworks */,
				393BBC31287CA97400A4C0BD /* SwiftUICharts in Frameworks */,
				393BBC2B287CA5BD00A4C0BD /* Collections in Frameworks */,
			);
			runOnlyForDeploymentPostprocessing = 0;
		};
/* End PBXFrameworksBuildPhase section */

/* Begin PBXGroup section */
		39349C42287A2542008C24E1 = {
			isa = PBXGroup;
			children = (
				39349C4D287A2542008C24E1 /* ExpenseTracker */,
				39349C4C287A2542008C24E1 /* Products */,
			);
			sourceTree = "<group>";
		};
		39349C4C287A2542008C24E1 /* Products */ = {
			isa = PBXGroup;
			children = (
				39349C4B287A2542008C24E1 /* ExpenseTracker.app */,
			);
			name = Products;
			sourceTree = "<group>";
		};
		39349C4D287A2542008C24E1 /* ExpenseTracker */ = {
			isa = PBXGroup;
			children = (
				39349C4E287A2542008C24E1 /* ExpenseTrackerApp.swift */,
				39349C50287A2542008C24E1 /* ContentView.swift */,
				39349C6B287B5DF8008C24E1 /* RecentTransactionList.swift */,
				393BBC27287CA01C00A4C0BD /* TransactionList.swift */,
				39349C5E287A2D90008C24E1 /* TransactionModel.swift */,
				39349C64287A3163008C24E1 /* TransactionRow.swift */,
				39349C69287AD77B008C24E1 /* TransactionListViewModel.swift */,
				39349C5C287A2796008C24E1 /* Extensions.swift */,
				39349C52287A2543008C24E1 /* Assets.xcassets */,
				39349C54287A2543008C24E1 /* Preview Content */,
			);
			path = ExpenseTracker;
			sourceTree = "<group>";
		};
		39349C54287A2543008C24E1 /* Preview Content */ = {
			isa = PBXGroup;
			children = (
				39349C55287A2543008C24E1 /* Preview Assets.xcassets */,
				39349C60287A2F89008C24E1 /* PreviewData.swift */,
			);
			path = "Preview Content";
			sourceTree = "<group>";
		};
/* End PBXGroup section */

/* Begin PBXNativeTarget section */
		39349C4A287A2542008C24E1 /* ExpenseTracker */ = {
			isa = PBXNativeTarget;
			buildConfigurationList = 39349C59287A2543008C24E1 /* Build configuration list for PBXNativeTarget "ExpenseTracker" */;
			buildPhases = (
				39349C47287A2542008C24E1 /* Sources */,
				39349C48287A2542008C24E1 /* Frameworks */,
				39349C49287A2542008C24E1 /* Resources */,
			);
			buildRules = (
			);
			dependencies = (
			);
			name = ExpenseTracker;
			packageProductDependencies = (
				393BBC2A287CA5BD00A4C0BD /* Collections */,
				393BBC30287CA97400A4C0BD /* SwiftUICharts */,
				39EBA4C6287E0E34009D98AF /* SwiftUIFontIcon */,
			);
			productName = ExpenseTracker;
			productReference = 39349C4B287A2542008C24E1 /* ExpenseTracker.app */;
			productType = "com.apple.product-type.application";
		};
/* End PBXNativeTarget section */

/* Begin PBXProject section */
		39349C43287A2542008C24E1 /* Project object */ = {
			isa = PBXProject;
			attributes = {
				BuildIndependentTargetsInParallel = 1;
				LastSwiftUpdateCheck = 1320;
				LastUpgradeCheck = 1320;
				TargetAttributes = {
					39349C4A287A2542008C24E1 = {
						CreatedOnToolsVersion = 13.2.1;
					};
				};
			};
			buildConfigurationList = 39349C46287A2542008C24E1 /* Build configuration list for PBXProject "ExpenseTracker" */;
			compatibilityVersion = "Xcode 13.0";
			developmentRegion = en;
			hasScannedForEncodings = 0;
			knownRegions = (
				en,
				Base,
			);
			mainGroup = 39349C42287A2542008C24E1;
			packageReferences = (
				393BBC29287CA5BD00A4C0BD /* XCRemoteSwiftPackageReference "swift-collections" */,
				393BBC2F287CA97400A4C0BD /* XCRemoteSwiftPackageReference "ChartView" */,
				39EBA4C5287E0E34009D98AF /* XCRemoteSwiftPackageReference "SwiftUIFontIcon" */,
			);
			productRefGroup = 39349C4C287A2542008C24E1 /* Products */;
			projectDirPath = "";
			projectRoot = "";
			targets = (
				39349C4A287A2542008C24E1 /* ExpenseTracker */,
			);
		};
/* End PBXProject section */

/* Begin PBXResourcesBuildPhase section */
		39349C49287A2542008C24E1 /* Resources */ = {
			isa = PBXResourcesBuildPhase;
			buildActionMask = 2147483647;
			files = (
				39349C56287A2543008C24E1 /* Preview Assets.xcassets in Resources */,
				39349C53287A2543008C24E1 /* Assets.xcassets in Resources */,
			);
			runOnlyForDeploymentPostprocessing = 0;
		};
/* End PBXResourcesBuildPhase section */

/* Begin PBXSourcesBuildPhase section */
		39349C47287A2542008C24E1 /* Sources */ = {
			isa = PBXSourcesBuildPhase;
			buildActionMask = 2147483647;
			files = (
				39349C61287A2F89008C24E1 /* PreviewData.swift in Sources */,
				393BBC28287CA01C00A4C0BD /* TransactionList.swift in Sources */,
				39349C6C287B5DF8008C24E1 /* RecentTransactionList.swift in Sources */,
				39349C5F287A2D90008C24E1 /* TransactionModel.swift in Sources */,
				39349C51287A2542008C24E1 /* ContentView.swift in Sources */,
				39349C65287A3163008C24E1 /* TransactionRow.swift in Sources */,
				39349C5D287A2796008C24E1 /* Extensions.swift in Sources */,
				39349C6A287AD77B008C24E1 /* TransactionListViewModel.swift in Sources */,
				39349C4F287A2542008C24E1 /* ExpenseTrackerApp.swift in Sources */,
			);
			runOnlyForDeploymentPostprocessing = 0;
		};
/* End PBXSourcesBuildPhase section */

/* Begin XCBuildConfiguration section */
		39349C57287A2543008C24E1 /* Debug */ = {
			isa = XCBuildConfiguration;
			buildSettings = {
				ALWAYS_SEARCH_USER_PATHS = NO;
				CLANG_ANALYZER_NONNULL = YES;
				CLANG_ANALYZER_NUMBER_OBJECT_CONVERSION = YES_AGGRESSIVE;
				CLANG_CXX_LANGUAGE_STANDARD = "gnu++17";
				CLANG_CXX_LIBRARY = "libc++";
				CLANG_ENABLE_MODULES = YES;
				CLANG_ENABLE_OBJC_ARC = YES;
				CLANG_ENABLE_OBJC_WEAK = YES;
				CLANG_WARN_BLOCK_CAPTURE_AUTORELEASING = YES;
				CLANG_WARN_BOOL_CONVERSION = YES;
				CLANG_WARN_COMMA = YES;
				CLANG_WARN_CONSTANT_CONVERSION = YES;
				CLANG_WARN_DEPRECATED_OBJC_IMPLEMENTATIONS = YES;
				CLANG_WARN_DIRECT_OBJC_ISA_USAGE = YES_ERROR;
				CLANG_WARN_DOCUMENTATION_COMMENTS = YES;
				CLANG_WARN_EMPTY_BODY = YES;
				CLANG_WARN_ENUM_CONVERSION = YES;
				CLANG_WARN_INFINITE_RECURSION = YES;
				CLANG_WARN_INT_CONVERSION = YES;
				CLANG_WARN_NON_LITERAL_NULL_CONVERSION = YES;
				CLANG_WARN_OBJC_IMPLICIT_RETAIN_SELF = YES;
				CLANG_WARN_OBJC_LITERAL_CONVERSION = YES;
				CLANG_WARN_OBJC_ROOT_CLASS = YES_ERROR;
				CLANG_WARN_QUOTED_INCLUDE_IN_FRAMEWORK_HEADER = YES;
				CLANG_WARN_RANGE_LOOP_ANALYSIS = YES;
				CLANG_WARN_STRICT_PROTOTYPES = YES;
				CLANG_WARN_SUSPICIOUS_MOVE = YES;
				CLANG_WARN_UNGUARDED_AVAILABILITY = YES_AGGRESSIVE;
				CLANG_WARN_UNREACHABLE_CODE = YES;
				CLANG_WARN__DUPLICATE_METHOD_MATCH = YES;
				COPY_PHASE_STRIP = NO;
				DEBUG_INFORMATION_FORMAT = dwarf;
				ENABLE_STRICT_OBJC_MSGSEND = YES;
				ENABLE_TESTABILITY = YES;
				GCC_C_LANGUAGE_STANDARD = gnu11;
				GCC_DYNAMIC_NO_PIC = NO;
				GCC_NO_COMMON_BLOCKS = YES;
				GCC_OPTIMIZATION_LEVEL = 0;
				GCC_PREPROCESSOR_DEFINITIONS = (
					"DEBUG=1",
					"$(inherited)",
				);
				GCC_WARN_64_TO_32_BIT_CONVERSION = YES;
				GCC_WARN_ABOUT_RETURN_TYPE = YES_ERROR;
				GCC_WARN_UNDECLARED_SELECTOR = YES;
				GCC_WARN_UNINITIALIZED_AUTOS = YES_AGGRESSIVE;
				GCC_WARN_UNUSED_FUNCTION = YES;
				GCC_WARN_UNUSED_VARIABLE = YES;
				IPHONEOS_DEPLOYMENT_TARGET = 15.2;
				MTL_ENABLE_DEBUG_INFO = INCLUDE_SOURCE;
				MTL_FAST_MATH = YES;
				ONLY_ACTIVE_ARCH = YES;
				SDKROOT = iphoneos;
				SWIFT_ACTIVE_COMPILATION_CONDITIONS = DEBUG;
				SWIFT_OPTIMIZATION_LEVEL = "-Onone";
			};
			name = Debug;
		};
		39349C58287A2543008C24E1 /* Release */ = {
			isa = XCBuildConfiguration;
			buildSettings = {
				ALWAYS_SEARCH_USER_PATHS = NO;
				CLANG_ANALYZER_NONNULL = YES;
				CLANG_ANALYZER_NUMBER_OBJECT_CONVERSION = YES_AGGRESSIVE;
				CLANG_CXX_LANGUAGE_STANDARD = "gnu++17";
				CLANG_CXX_LIBRARY = "libc++";
				CLANG_ENABLE_MODULES = YES;
				CLANG_ENABLE_OBJC_ARC = YES;
				CLANG_ENABLE_OBJC_WEAK = YES;
				CLANG_WARN_BLOCK_CAPTURE_AUTORELEASING = YES;
				CLANG_WARN_BOOL_CONVERSION = YES;
				CLANG_WARN_COMMA = YES;
				CLANG_WARN_CONSTANT_CONVERSION = YES;
				CLANG_WARN_DEPRECATED_OBJC_IMPLEMENTATIONS = YES;
				CLANG_WARN_DIRECT_OBJC_ISA_USAGE = YES_ERROR;
				CLANG_WARN_DOCUMENTATION_COMMENTS = YES;
				CLANG_WARN_EMPTY_BODY = YES;
				CLANG_WARN_ENUM_CONVERSION = YES;
				CLANG_WARN_INFINITE_RECURSION = YES;
				CLANG_WARN_INT_CONVERSION = YES;
				CLANG_WARN_NON_LITERAL_NULL_CONVERSION = YES;
				CLANG_WARN_OBJC_IMPLICIT_RETAIN_SELF = YES;
				CLANG_WARN_OBJC_LITERAL_CONVERSION = YES;
				CLANG_WARN_OBJC_ROOT_CLASS = YES_ERROR;
				CLANG_WARN_QUOTED_INCLUDE_IN_FRAMEWORK_HEADER = YES;
				CLANG_WARN_RANGE_LOOP_ANALYSIS = YES;
				CLANG_WARN_STRICT_PROTOTYPES = YES;
				CLANG_WARN_SUSPICIOUS_MOVE = YES;
				CLANG_WARN_UNGUARDED_AVAILABILITY = YES_AGGRESSIVE;
				CLANG_WARN_UNREACHABLE_CODE = YES;
				CLANG_WARN__DUPLICATE_METHOD_MATCH = YES;
				COPY_PHASE_STRIP = NO;
				DEBUG_INFORMATION_FORMAT = "dwarf-with-dsym";
				ENABLE_NS_ASSERTIONS = NO;
				ENABLE_STRICT_OBJC_MSGSEND = YES;
				GCC_C_LANGUAGE_STANDARD = gnu11;
				GCC_NO_COMMON_BLOCKS = YES;
				GCC_WARN_64_TO_32_BIT_CONVERSION = YES;
				GCC_WARN_ABOUT_RETURN_TYPE = YES_ERROR;
				GCC_WARN_UNDECLARED_SELECTOR = YES;
				GCC_WARN_UNINITIALIZED_AUTOS = YES_AGGRESSIVE;
				GCC_WARN_UNUSED_FUNCTION = YES;
				GCC_WARN_UNUSED_VARIABLE = YES;
				IPHONEOS_DEPLOYMENT_TARGET = 15.2;
				MTL_ENABLE_DEBUG_INFO = NO;
				MTL_FAST_MATH = YES;
				SDKROOT = iphoneos;
				SWIFT_COMPILATION_MODE = wholemodule;
				SWIFT_OPTIMIZATION_LEVEL = "-O";
				VALIDATE_PRODUCT = YES;
			};
			name = Release;
		};
		39349C5A287A2543008C24E1 /* Debug */ = {
			isa = XCBuildConfiguration;
			buildSettings = {
				ASSETCATALOG_COMPILER_APPICON_NAME = AppIcon;
				ASSETCATALOG_COMPILER_GLOBAL_ACCENT_COLOR_NAME = AccentColor;
				CODE_SIGN_STYLE = Automatic;
				CURRENT_PROJECT_VERSION = 1;
				DEVELOPMENT_ASSET_PATHS = "\"ExpenseTracker/Preview Content\"";
				DEVELOPMENT_TEAM = XPQ67UU8AY;
				ENABLE_PREVIEWS = YES;
				GENERATE_INFOPLIST_FILE = YES;
				INFOPLIST_KEY_UIApplicationSceneManifest_Generation = YES;
				INFOPLIST_KEY_UIApplicationSupportsIndirectInputEvents = YES;
				INFOPLIST_KEY_UILaunchScreen_Generation = YES;
				INFOPLIST_KEY_UISupportedInterfaceOrientations_iPad = "UIInterfaceOrientationPortrait UIInterfaceOrientationPortraitUpsideDown UIInterfaceOrientationLandscapeLeft UIInterfaceOrientationLandscapeRight";
				INFOPLIST_KEY_UISupportedInterfaceOrientations_iPhone = "UIInterfaceOrientationPortrait UIInterfaceOrientationLandscapeLeft UIInterfaceOrientationLandscapeRight";
				LD_RUNPATH_SEARCH_PATHS = (
					"$(inherited)",
					"@executable_path/Frameworks",
				);
				MARKETING_VERSION = 1.0;
				PRODUCT_BUNDLE_IDENTIFIER = "Artyom-Beldeiko.ExpenseTracker";
				PRODUCT_NAME = "$(TARGET_NAME)";
				SWIFT_EMIT_LOC_STRINGS = YES;
				SWIFT_VERSION = 5.0;
				TARGETED_DEVICE_FAMILY = "1,2";
			};
			name = Debug;
		};
		39349C5B287A2543008C24E1 /* Release */ = {
			isa = XCBuildConfiguration;
			buildSettings = {
				ASSETCATALOG_COMPILER_APPICON_NAME = AppIcon;
				ASSETCATALOG_COMPILER_GLOBAL_ACCENT_COLOR_NAME = AccentColor;
				CODE_SIGN_STYLE = Automatic;
				CURRENT_PROJECT_VERSION = 1;
				DEVELOPMENT_ASSET_PATHS = "\"ExpenseTracker/Preview Content\"";
				DEVELOPMENT_TEAM = XPQ67UU8AY;
				ENABLE_PREVIEWS = YES;
				GENERATE_INFOPLIST_FILE = YES;
				INFOPLIST_KEY_UIApplicationSceneManifest_Generation = YES;
				INFOPLIST_KEY_UIApplicationSupportsIndirectInputEvents = YES;
				INFOPLIST_KEY_UILaunchScreen_Generation = YES;
				INFOPLIST_KEY_UISupportedInterfaceOrientations_iPad = "UIInterfaceOrientationPortrait UIInterfaceOrientationPortraitUpsideDown UIInterfaceOrientationLandscapeLeft UIInterfaceOrientationLandscapeRight";
				INFOPLIST_KEY_UISupportedInterfaceOrientations_iPhone = "UIInterfaceOrientationPortrait UIInterfaceOrientationLandscapeLeft UIInterfaceOrientationLandscapeRight";
				LD_RUNPATH_SEARCH_PATHS = (
					"$(inherited)",
					"@executable_path/Frameworks",
				);
				MARKETING_VERSION = 1.0;
				PRODUCT_BUNDLE_IDENTIFIER = "Artyom-Beldeiko.ExpenseTracker";
				PRODUCT_NAME = "$(TARGET_NAME)";
				SWIFT_EMIT_LOC_STRINGS = YES;
				SWIFT_VERSION = 5.0;
				TARGETED_DEVICE_FAMILY = "1,2";
			};
			name = Release;
		};
/* End XCBuildConfiguration section */

/* Begin XCConfigurationList section */
		39349C46287A2542008C24E1 /* Build configuration list for PBXProject "ExpenseTracker" */ = {
			isa = XCConfigurationList;
			buildConfigurations = (
				39349C57287A2543008C24E1 /* Debug */,
				39349C58287A2543008C24E1 /* Release */,
			);
			defaultConfigurationIsVisible = 0;
			defaultConfigurationName = Release;
		};
		39349C59287A2543008C24E1 /* Build configuration list for PBXNativeTarget "ExpenseTracker" */ = {
			isa = XCConfigurationList;
			buildConfigurations = (
				39349C5A287A2543008C24E1 /* Debug */,
				39349C5B287A2543008C24E1 /* Release */,
			);
			defaultConfigurationIsVisible = 0;
			defaultConfigurationName = Release;
		};
/* End XCConfigurationList section */

/* Begin XCRemoteSwiftPackageReference section */
		393BBC29287CA5BD00A4C0BD /* XCRemoteSwiftPackageReference "swift-collections" */ = {
			isa = XCRemoteSwiftPackageReference;
			repositoryURL = "https://github.com/apple/swift-collections.git";
			requirement = {
				kind = upToNextMajorVersion;
				minimumVersion = 1.0.2;
			};
		};
		393BBC2F287CA97400A4C0BD /* XCRemoteSwiftPackageReference "ChartView" */ = {
			isa = XCRemoteSwiftPackageReference;
			repositoryURL = "https://github.com/AppPear/ChartView";
			requirement = {
				kind = exactVersion;
				version = "2.0.0-beta.2";
			};
		};
		39EBA4C5287E0E34009D98AF /* XCRemoteSwiftPackageReference "SwiftUIFontIcon" */ = {
			isa = XCRemoteSwiftPackageReference;
			repositoryURL = "https://github.com/huybuidac/SwiftUIFontIcon";
			requirement = {
				branch = master;
				kind = branch;
			};
		};
/* End XCRemoteSwiftPackageReference section */

/* Begin XCSwiftPackageProductDependency section */
		393BBC2A287CA5BD00A4C0BD /* Collections */ = {
			isa = XCSwiftPackageProductDependency;
			package = 393BBC29287CA5BD00A4C0BD /* XCRemoteSwiftPackageReference "swift-collections" */;
			productName = Collections;
		};
		393BBC30287CA97400A4C0BD /* SwiftUICharts */ = {
			isa = XCSwiftPackageProductDependency;
			package = 393BBC2F287CA97400A4C0BD /* XCRemoteSwiftPackageReference "ChartView" */;
			productName = SwiftUICharts;
		};
		39EBA4C6287E0E34009D98AF /* SwiftUIFontIcon */ = {
			isa = XCSwiftPackageProductDependency;
			package = 39EBA4C5287E0E34009D98AF /* XCRemoteSwiftPackageReference "SwiftUIFontIcon" */;
			productName = SwiftUIFontIcon;
		};
/* End XCSwiftPackageProductDependency section */
	};
	rootObject = 39349C43287A2542008C24E1 /* Project object */;
}
